
Microsoft Visual Studio Solution File, Format Version 12.00
# Visual Studio Version 17
VisualStudioVersion = 17.9.34622.214
MinimumVisualStudioVersion = 10.0.40219.1
Project("{2150E333-8FDC-42A3-9474-1A3956D46DE8}") = "Core", "Core", "{C6B1DACE-2CE5-423B-8CF5-7B82200B7083}"
EndProject
Project("{2150E333-8FDC-42A3-9474-1A3956D46DE8}") = "Presentetion", "Presentetion", "{126BDC69-B755-4577-95E4-A96EAF5EA942}"
EndProject
Project("{2150E333-8FDC-42A3-9474-1A3956D46DE8}") = "Infrastruct", "Infrastruct", "{DAAFFC1B-05E8-46BE-9B3C-0816031D59C6}"
EndProject
Project("{FAE04EC0-301F-11D3-BF4B-00C04F79EFBC}") = "MVCTREINO.DOMAIN", "MVCTREINO.DOMAIN\MVCTREINO.DOMAIN.csproj", "{0579AA44-3D43-4646-811D-125D5EFCEE16}"
EndProject
Project("{FAE04EC0-301F-11D3-BF4B-00C04F79EFBC}") = "MVCTREINO.MVC", "MVCTREINO.MVC\MVCTREINO.MVC.csproj", "{D8A044ED-E893-4EFE-A263-90D86C45DA62}"
EndProject
Project("{2150E333-8FDC-42A3-9474-1A3956D46DE8}") = "Test", "Test", "{4DAB1A59-4C60-4412-B0AC-53E8D8028FE8}"
EndProject
Project("{FAE04EC0-301F-11D3-BF4B-00C04F79EFBC}") = "MVCTREINO.APLICATION", "MVCTREINO.APLICATION\MVCTREINO.APLICATION.csproj", "{E2ABD596-9BE0-480E-8F57-78067F81ED93}"
EndProject
Project("{FAE04EC0-301F-11D3-BF4B-00C04F79EFBC}") = "MVCTREINO.PERSISTENCE", "MVCTREINO.PERSISTENCE\MVCTREINO.PERSISTENCE.csproj", "{FF0A709B-5DB2-4AAF-BEC9-CA1F2D8B34D7}"
EndProject
Project("{FAE04EC0-301F-11D3-BF4B-00C04F79EFBC}") = "MVCTREINO.TEST", "MVCTREINO.TEST\MVCTREINO.TEST.csproj", "{A655117A-985B-41B6-838E-AE86D02B74C3}"
EndProject
Global
	GlobalSection(SolutionConfigurationPlatforms) = preSolution
		Debug|Any CPU = Debug|Any CPU
		Release|Any CPU = Release|Any CPU
	EndGlobalSection
	GlobalSection(ProjectConfigurationPlatforms) = postSolution
		{0579AA44-3D43-4646-811D-125D5EFCEE16}.Debug|Any CPU.ActiveCfg = Debug|Any CPU
		{0579AA44-3D43-4646-811D-125D5EFCEE16}.Debug|Any CPU.Build.0 = Debug|Any CPU
		{0579AA44-3D43-4646-811D-125D5EFCEE16}.Release|Any CPU.ActiveCfg = Release|Any CPU
		{0579AA44-3D43-4646-811D-125D5EFCEE16}.Release|Any CPU.Build.0 = Release|Any CPU
		{D8A044ED-E893-4EFE-A263-90D86C45DA62}.Debug|Any CPU.ActiveCfg = Debug|Any CPU
		{D8A044ED-E893-4EFE-A263-90D86C45DA62}.Debug|Any CPU.Build.0 = Debug|Any CPU
		{D8A044ED-E893-4EFE-A263-90D86C45DA62}.Release|Any CPU.ActiveCfg = Release|Any CPU
		{D8A044ED-E893-4EFE-A263-90D86C45DA62}.Release|Any CPU.Build.0 = Release|Any CPU
		{E2ABD596-9BE0-480E-8F57-78067F81ED93}.Debug|Any CPU.ActiveCfg = Debug|Any CPU
		{E2ABD596-9BE0-480E-8F57-78067F81ED93}.Debug|Any CPU.Build.0 = Debug|Any CPU
		{E2ABD596-9BE0-480E-8F57-78067F81ED93}.Release|Any CPU.ActiveCfg = Release|Any CPU
		{E2ABD596-9BE0-480E-8F57-78067F81ED93}.Release|Any CPU.Build.0 = Release|Any CPU
		{FF0A709B-5DB2-4AAF-BEC9-CA1F2D8B34D7}.Debug|Any CPU.ActiveCfg = Debug|Any CPU
		{FF0A709B-5DB2-4AAF-BEC9-CA1F2D8B34D7}.Debug|Any CPU.Build.0 = Debug|Any CPU
		{FF0A709B-5DB2-4AAF-BEC9-CA1F2D8B34D7}.Release|Any CPU.ActiveCfg = Release|Any CPU
		{FF0A709B-5DB2-4AAF-BEC9-CA1F2D8B34D7}.Release|Any CPU.Build.0 = Release|Any CPU
		{A655117A-985B-41B6-838E-AE86D02B74C3}.Debug|Any CPU.ActiveCfg = Debug|Any CPU
		{A655117A-985B-41B6-838E-AE86D02B74C3}.Debug|Any CPU.Build.0 = Debug|Any CPU
		{A655117A-985B-41B6-838E-AE86D02B74C3}.Release|Any CPU.ActiveCfg = Release|Any CPU
		{A655117A-985B-41B6-838E-AE86D02B74C3}.Release|Any CPU.Build.0 = Release|Any CPU
	EndGlobalSection
	GlobalSection(SolutionProperties) = preSolution
		HideSolutionNode = FALSE
	EndGlobalSection
	GlobalSection(NestedProjects) = preSolution
		{0579AA44-3D43-4646-811D-125D5EFCEE16} = {C6B1DACE-2CE5-423B-8CF5-7B82200B7083}
		{D8A044ED-E893-4EFE-A263-90D86C45DA62} = {126BDC69-B755-4577-95E4-A96EAF5EA942}
		{E2ABD596-9BE0-480E-8F57-78067F81ED93} = {C6B1DACE-2CE5-423B-8CF5-7B82200B7083}
		{FF0A709B-5DB2-4AAF-BEC9-CA1F2D8B34D7} = {DAAFFC1B-05E8-46BE-9B3C-0816031D59C6}
		{A655117A-985B-41B6-838E-AE86D02B74C3} = {4DAB1A59-4C60-4412-B0AC-53E8D8028FE8}
	EndGlobalSection
	GlobalSection(ExtensibilityGlobals) = postSolution
		SolutionGuid = {89B89404-422C-4D04-8A48-2130B803F69C}
	EndGlobalSection
EndGlobal
